// !$*UTF8*$!
{
	archiveVersion = 1;
	classes = {
	};
	objectVersion = 56;
	objects = {

/* Begin PBXBuildFile section */
		140F74E92BC036A00016712A /* AppCoordinator.swift in Sources */ = {isa = PBXBuildFile; fileRef = 140F74E82BC036A00016712A /* AppCoordinator.swift */; };
		140F74EB2BC0385A0016712A /* LaunchScreenCoordinator.swift in Sources */ = {isa = PBXBuildFile; fileRef = 140F74EA2BC0385A0016712A /* LaunchScreenCoordinator.swift */; };
		1427BFE42BCA91A9006E3C14 /* Roboto-Medium.ttf in Resources */ = {isa = PBXBuildFile; fileRef = 1427BFD72BCA91A9006E3C14 /* Roboto-Medium.ttf */; };
		1427BFE52BCA91A9006E3C14 /* Roboto-Light.ttf in Resources */ = {isa = PBXBuildFile; fileRef = 1427BFD82BCA91A9006E3C14 /* Roboto-Light.ttf */; };
		1427BFE62BCA91A9006E3C14 /* Roboto-Regular.ttf in Resources */ = {isa = PBXBuildFile; fileRef = 1427BFD92BCA91A9006E3C14 /* Roboto-Regular.ttf */; };
		1427BFE72BCA91A9006E3C14 /* Roboto-MediumItalic.ttf in Resources */ = {isa = PBXBuildFile; fileRef = 1427BFDA2BCA91A9006E3C14 /* Roboto-MediumItalic.ttf */; };
		1427BFE82BCA91A9006E3C14 /* Roboto-ThinItalic.ttf in Resources */ = {isa = PBXBuildFile; fileRef = 1427BFDB2BCA91A9006E3C14 /* Roboto-ThinItalic.ttf */; };
		1427BFE92BCA91A9006E3C14 /* Roboto-BoldItalic.ttf in Resources */ = {isa = PBXBuildFile; fileRef = 1427BFDC2BCA91A9006E3C14 /* Roboto-BoldItalic.ttf */; };
		1427BFEA2BCA91A9006E3C14 /* Roboto-LightItalic.ttf in Resources */ = {isa = PBXBuildFile; fileRef = 1427BFDD2BCA91A9006E3C14 /* Roboto-LightItalic.ttf */; };
		1427BFEB2BCA91A9006E3C14 /* Roboto-Italic.ttf in Resources */ = {isa = PBXBuildFile; fileRef = 1427BFDE2BCA91A9006E3C14 /* Roboto-Italic.ttf */; };
		1427BFEC2BCA91A9006E3C14 /* LICENSE.txt in Resources */ = {isa = PBXBuildFile; fileRef = 1427BFDF2BCA91A9006E3C14 /* LICENSE.txt */; };
		1427BFED2BCA91A9006E3C14 /* Roboto-BlackItalic.ttf in Resources */ = {isa = PBXBuildFile; fileRef = 1427BFE02BCA91A9006E3C14 /* Roboto-BlackItalic.ttf */; };
		1427BFEE2BCA91A9006E3C14 /* Roboto-Bold.ttf in Resources */ = {isa = PBXBuildFile; fileRef = 1427BFE12BCA91A9006E3C14 /* Roboto-Bold.ttf */; };
		1427BFEF2BCA91A9006E3C14 /* Roboto-Thin.ttf in Resources */ = {isa = PBXBuildFile; fileRef = 1427BFE22BCA91A9006E3C14 /* Roboto-Thin.ttf */; };
		1427BFF02BCA91A9006E3C14 /* Roboto-Black.ttf in Resources */ = {isa = PBXBuildFile; fileRef = 1427BFE32BCA91A9006E3C14 /* Roboto-Black.ttf */; };
		142B6BEB2BC172B1000C8051 /* EpisodesController.swift in Sources */ = {isa = PBXBuildFile; fileRef = 142B6BEA2BC172B1000C8051 /* EpisodesController.swift */; };
		142B6BED2BC17353000C8051 /* FavouritesController.swift in Sources */ = {isa = PBXBuildFile; fileRef = 142B6BEC2BC17353000C8051 /* FavouritesController.swift */; };
		142D9B3F2BCA977F009CE792 /* UIFont + Extension.swift in Sources */ = {isa = PBXBuildFile; fileRef = 142D9B3E2BCA977F009CE792 /* UIFont + Extension.swift */; };
		1459C7AD2BC040A1008D9177 /* EpisodesCoordinator.swift in Sources */ = {isa = PBXBuildFile; fileRef = 1459C7AC2BC040A1008D9177 /* EpisodesCoordinator.swift */; };
		1459C7AF2BC04112008D9177 /* FavouritesCoordinator.swift in Sources */ = {isa = PBXBuildFile; fileRef = 1459C7AE2BC04112008D9177 /* FavouritesCoordinator.swift */; };
		1459C7B12BC041B6008D9177 /* TabBarController.swift in Sources */ = {isa = PBXBuildFile; fileRef = 1459C7B02BC041B6008D9177 /* TabBarController.swift */; };
		147023452BCA9FF100E88E38 /* UIColor + Extension.swift in Sources */ = {isa = PBXBuildFile; fileRef = 147023442BCA9FF100E88E38 /* UIColor + Extension.swift */; };
		1470C9262BC86F960048E8E8 /* CollectionViewCell.swift in Sources */ = {isa = PBXBuildFile; fileRef = 1470C9252BC86F960048E8E8 /* CollectionViewCell.swift */; };
		1491D00E2C1F21F60065FE66 /* Network.swift in Sources */ = {isa = PBXBuildFile; fileRef = 1491D00D2C1F21F60065FE66 /* Network.swift */; };
		1491D0112C1F44690065FE66 /* Dependencies.swift in Sources */ = {isa = PBXBuildFile; fileRef = 1491D0102C1F44690065FE66 /* Dependencies.swift */; };
		1491D0132C1F447A0065FE66 /* ModuleContainer.swift in Sources */ = {isa = PBXBuildFile; fileRef = 1491D0122C1F447A0065FE66 /* ModuleContainer.swift */; };
		1491D0152C1F49C80065FE66 /* LaunchAssembly.swift in Sources */ = {isa = PBXBuildFile; fileRef = 1491D0142C1F49C80065FE66 /* LaunchAssembly.swift */; };
		1491D0172C1F4A520065FE66 /* TabBarAssembly.swift in Sources */ = {isa = PBXBuildFile; fileRef = 1491D0162C1F4A520065FE66 /* TabBarAssembly.swift */; };
		1491D0192C1F4A9C0065FE66 /* FavouritesAssembly.swift in Sources */ = {isa = PBXBuildFile; fileRef = 1491D0182C1F4A9C0065FE66 /* FavouritesAssembly.swift */; };
		1491D01B2C1F4F170065FE66 /* EpisodesAssembly.swift in Sources */ = {isa = PBXBuildFile; fileRef = 1491D01A2C1F4F170065FE66 /* EpisodesAssembly.swift */; };
		1491D01D2C1F4FAC0065FE66 /* DetailsAssembly.swift in Sources */ = {isa = PBXBuildFile; fileRef = 1491D01C2C1F4FAC0065FE66 /* DetailsAssembly.swift */; };
		1491D0202C1F552A0065FE66 /* Preview+SwiftIU.swift in Sources */ = {isa = PBXBuildFile; fileRef = 1491D01F2C1F552A0065FE66 /* Preview+SwiftIU.swift */; };
		1491D0222C1F560D0065FE66 /* UserDefaultsRepository.swift in Sources */ = {isa = PBXBuildFile; fileRef = 1491D0212C1F560D0065FE66 /* UserDefaultsRepository.swift */; };
		1491D0242C1F57D50065FE66 /* DetailsViewModel.swift in Sources */ = {isa = PBXBuildFile; fileRef = 1491D0232C1F57D50065FE66 /* DetailsViewModel.swift */; };
		1491D0262C1F62370065FE66 /* FavouritesViewModel.swift in Sources */ = {isa = PBXBuildFile; fileRef = 1491D0252C1F62370065FE66 /* FavouritesViewModel.swift */; };
		1491D0282C1F6D4E0065FE66 /* TabBarCoordinator.swift in Sources */ = {isa = PBXBuildFile; fileRef = 1491D0272C1F6D4E0065FE66 /* TabBarCoordinator.swift */; };
		14AFEF212BBF478900957DBC /* LaunchScreenController.swift in Sources */ = {isa = PBXBuildFile; fileRef = 14AFEF202BBF478900957DBC /* LaunchScreenController.swift */; };
		14B4E4792BDEDF4400F28861 /* EpisodeViewModel.swift in Sources */ = {isa = PBXBuildFile; fileRef = 14B4E4782BDEDF4400F28861 /* EpisodeViewModel.swift */; };
		14B4E47D2BDEDF7D00F28861 /* EpisodeModel.swift in Sources */ = {isa = PBXBuildFile; fileRef = 14B4E47C2BDEDF7D00F28861 /* EpisodeModel.swift */; };
		14B4E47F2BDEE1CD00F28861 /* NetworkService.swift in Sources */ = {isa = PBXBuildFile; fileRef = 14B4E47E2BDEE1CD00F28861 /* NetworkService.swift */; };
		14B4E4812BDFACF200F28861 /* DetailsTableViewCell.swift in Sources */ = {isa = PBXBuildFile; fileRef = 14B4E4802BDFACF200F28861 /* DetailsTableViewCell.swift */; };
		14CD32EC2BCD5E6A00D74E59 /* SceneFactory.swift in Sources */ = {isa = PBXBuildFile; fileRef = 14CD32EB2BCD5E6A00D74E59 /* SceneFactory.swift */; };
		14D3A0E82BC1E8A30024F389 /* CharacterDetailsController.swift in Sources */ = {isa = PBXBuildFile; fileRef = 14D3A0E72BC1E8A30024F389 /* CharacterDetailsController.swift */; };
		14DA02342BBF2C3A00CEC76C /* AppDelegate.swift in Sources */ = {isa = PBXBuildFile; fileRef = 14DA02332BBF2C3A00CEC76C /* AppDelegate.swift */; };
		14DA02362BBF2C3A00CEC76C /* SceneDelegate.swift in Sources */ = {isa = PBXBuildFile; fileRef = 14DA02352BBF2C3A00CEC76C /* SceneDelegate.swift */; };
		14DA02382BBF2C3A00CEC76C /* ViewController.swift in Sources */ = {isa = PBXBuildFile; fileRef = 14DA02372BBF2C3A00CEC76C /* ViewController.swift */; };
		14DA023D2BBF2C3C00CEC76C /* Assets.xcassets in Resources */ = {isa = PBXBuildFile; fileRef = 14DA023C2BBF2C3C00CEC76C /* Assets.xcassets */; };
		14DA02402BBF2C3C00CEC76C /* LaunchScreen.storyboard in Resources */ = {isa = PBXBuildFile; fileRef = 14DA023E2BBF2C3C00CEC76C /* LaunchScreen.storyboard */; };
		14F7313E2BC02F92009E56BF /* Coordinator.swift in Sources */ = {isa = PBXBuildFile; fileRef = 14F7313D2BC02F92009E56BF /* Coordinator.swift */; };
/* End PBXBuildFile section */

/* Begin PBXFileReference section */
		140F74E82BC036A00016712A /* AppCoordinator.swift */ = {isa = PBXFileReference; lastKnownFileType = sourcecode.swift; path = AppCoordinator.swift; sourceTree = "<group>"; };
		140F74EA2BC0385A0016712A /* LaunchScreenCoordinator.swift */ = {isa = PBXFileReference; lastKnownFileType = sourcecode.swift; path = LaunchScreenCoordinator.swift; sourceTree = "<group>"; };
		1427BFD72BCA91A9006E3C14 /* Roboto-Medium.ttf */ = {isa = PBXFileReference; lastKnownFileType = file; path = "Roboto-Medium.ttf"; sourceTree = "<group>"; };
		1427BFD82BCA91A9006E3C14 /* Roboto-Light.ttf */ = {isa = PBXFileReference; lastKnownFileType = file; path = "Roboto-Light.ttf"; sourceTree = "<group>"; };
		1427BFD92BCA91A9006E3C14 /* Roboto-Regular.ttf */ = {isa = PBXFileReference; lastKnownFileType = file; path = "Roboto-Regular.ttf"; sourceTree = "<group>"; };
		1427BFDA2BCA91A9006E3C14 /* Roboto-MediumItalic.ttf */ = {isa = PBXFileReference; lastKnownFileType = file; path = "Roboto-MediumItalic.ttf"; sourceTree = "<group>"; };
		1427BFDB2BCA91A9006E3C14 /* Roboto-ThinItalic.ttf */ = {isa = PBXFileReference; lastKnownFileType = file; path = "Roboto-ThinItalic.ttf"; sourceTree = "<group>"; };
		1427BFDC2BCA91A9006E3C14 /* Roboto-BoldItalic.ttf */ = {isa = PBXFileReference; lastKnownFileType = file; path = "Roboto-BoldItalic.ttf"; sourceTree = "<group>"; };
		1427BFDD2BCA91A9006E3C14 /* Roboto-LightItalic.ttf */ = {isa = PBXFileReference; lastKnownFileType = file; path = "Roboto-LightItalic.ttf"; sourceTree = "<group>"; };
		1427BFDE2BCA91A9006E3C14 /* Roboto-Italic.ttf */ = {isa = PBXFileReference; lastKnownFileType = file; path = "Roboto-Italic.ttf"; sourceTree = "<group>"; };
		1427BFDF2BCA91A9006E3C14 /* LICENSE.txt */ = {isa = PBXFileReference; fileEncoding = 4; lastKnownFileType = text; path = LICENSE.txt; sourceTree = "<group>"; };
		1427BFE02BCA91A9006E3C14 /* Roboto-BlackItalic.ttf */ = {isa = PBXFileReference; lastKnownFileType = file; path = "Roboto-BlackItalic.ttf"; sourceTree = "<group>"; };
		1427BFE12BCA91A9006E3C14 /* Roboto-Bold.ttf */ = {isa = PBXFileReference; lastKnownFileType = file; path = "Roboto-Bold.ttf"; sourceTree = "<group>"; };
		1427BFE22BCA91A9006E3C14 /* Roboto-Thin.ttf */ = {isa = PBXFileReference; lastKnownFileType = file; path = "Roboto-Thin.ttf"; sourceTree = "<group>"; };
		1427BFE32BCA91A9006E3C14 /* Roboto-Black.ttf */ = {isa = PBXFileReference; lastKnownFileType = file; path = "Roboto-Black.ttf"; sourceTree = "<group>"; };
		142B6BEA2BC172B1000C8051 /* EpisodesController.swift */ = {isa = PBXFileReference; lastKnownFileType = sourcecode.swift; path = EpisodesController.swift; sourceTree = "<group>"; };
		142B6BEC2BC17353000C8051 /* FavouritesController.swift */ = {isa = PBXFileReference; lastKnownFileType = sourcecode.swift; path = FavouritesController.swift; sourceTree = "<group>"; };
		142D9B3E2BCA977F009CE792 /* UIFont + Extension.swift */ = {isa = PBXFileReference; lastKnownFileType = sourcecode.swift; path = "UIFont + Extension.swift"; sourceTree = "<group>"; };
		1459C7AC2BC040A1008D9177 /* EpisodesCoordinator.swift */ = {isa = PBXFileReference; lastKnownFileType = sourcecode.swift; path = EpisodesCoordinator.swift; sourceTree = "<group>"; };
		1459C7AE2BC04112008D9177 /* FavouritesCoordinator.swift */ = {isa = PBXFileReference; lastKnownFileType = sourcecode.swift; path = FavouritesCoordinator.swift; sourceTree = "<group>"; };
		1459C7B02BC041B6008D9177 /* TabBarController.swift */ = {isa = PBXFileReference; lastKnownFileType = sourcecode.swift; path = TabBarController.swift; sourceTree = "<group>"; };
		147023442BCA9FF100E88E38 /* UIColor + Extension.swift */ = {isa = PBXFileReference; lastKnownFileType = sourcecode.swift; path = "UIColor + Extension.swift"; sourceTree = "<group>"; };
		1470C9252BC86F960048E8E8 /* CollectionViewCell.swift */ = {isa = PBXFileReference; lastKnownFileType = sourcecode.swift; path = CollectionViewCell.swift; sourceTree = "<group>"; };
		1491D00D2C1F21F60065FE66 /* Network.swift */ = {isa = PBXFileReference; lastKnownFileType = sourcecode.swift; path = Network.swift; sourceTree = "<group>"; };
		1491D0102C1F44690065FE66 /* Dependencies.swift */ = {isa = PBXFileReference; lastKnownFileType = sourcecode.swift; path = Dependencies.swift; sourceTree = "<group>"; };
		1491D0122C1F447A0065FE66 /* ModuleContainer.swift */ = {isa = PBXFileReference; lastKnownFileType = sourcecode.swift; path = ModuleContainer.swift; sourceTree = "<group>"; };
		1491D0142C1F49C80065FE66 /* LaunchAssembly.swift */ = {isa = PBXFileReference; lastKnownFileType = sourcecode.swift; path = LaunchAssembly.swift; sourceTree = "<group>"; };
		1491D0162C1F4A520065FE66 /* TabBarAssembly.swift */ = {isa = PBXFileReference; lastKnownFileType = sourcecode.swift; path = TabBarAssembly.swift; sourceTree = "<group>"; };
		1491D0182C1F4A9C0065FE66 /* FavouritesAssembly.swift */ = {isa = PBXFileReference; lastKnownFileType = sourcecode.swift; path = FavouritesAssembly.swift; sourceTree = "<group>"; };
		1491D01A2C1F4F170065FE66 /* EpisodesAssembly.swift */ = {isa = PBXFileReference; lastKnownFileType = sourcecode.swift; path = EpisodesAssembly.swift; sourceTree = "<group>"; };
		1491D01C2C1F4FAC0065FE66 /* DetailsAssembly.swift */ = {isa = PBXFileReference; lastKnownFileType = sourcecode.swift; path = DetailsAssembly.swift; sourceTree = "<group>"; };
		1491D01F2C1F552A0065FE66 /* Preview+SwiftIU.swift */ = {isa = PBXFileReference; lastKnownFileType = sourcecode.swift; path = "Preview+SwiftIU.swift"; sourceTree = "<group>"; };
		1491D0212C1F560D0065FE66 /* UserDefaultsRepository.swift */ = {isa = PBXFileReference; lastKnownFileType = sourcecode.swift; path = UserDefaultsRepository.swift; sourceTree = "<group>"; };
		1491D0232C1F57D50065FE66 /* DetailsViewModel.swift */ = {isa = PBXFileReference; lastKnownFileType = sourcecode.swift; path = DetailsViewModel.swift; sourceTree = "<group>"; };
		1491D0252C1F62370065FE66 /* FavouritesViewModel.swift */ = {isa = PBXFileReference; lastKnownFileType = sourcecode.swift; path = FavouritesViewModel.swift; sourceTree = "<group>"; };
		1491D0272C1F6D4E0065FE66 /* TabBarCoordinator.swift */ = {isa = PBXFileReference; lastKnownFileType = sourcecode.swift; path = TabBarCoordinator.swift; sourceTree = "<group>"; };
		14AFEF202BBF478900957DBC /* LaunchScreenController.swift */ = {isa = PBXFileReference; lastKnownFileType = sourcecode.swift; path = LaunchScreenController.swift; sourceTree = "<group>"; };
		14B4E4782BDEDF4400F28861 /* EpisodeViewModel.swift */ = {isa = PBXFileReference; lastKnownFileType = sourcecode.swift; path = EpisodeViewModel.swift; sourceTree = "<group>"; };
		14B4E47C2BDEDF7D00F28861 /* EpisodeModel.swift */ = {isa = PBXFileReference; lastKnownFileType = sourcecode.swift; path = EpisodeModel.swift; sourceTree = "<group>"; };
		14B4E47E2BDEE1CD00F28861 /* NetworkService.swift */ = {isa = PBXFileReference; lastKnownFileType = sourcecode.swift; path = NetworkService.swift; sourceTree = "<group>"; };
		14B4E4802BDFACF200F28861 /* DetailsTableViewCell.swift */ = {isa = PBXFileReference; lastKnownFileType = sourcecode.swift; path = DetailsTableViewCell.swift; sourceTree = "<group>"; };
		14CD32EB2BCD5E6A00D74E59 /* SceneFactory.swift */ = {isa = PBXFileReference; lastKnownFileType = sourcecode.swift; path = SceneFactory.swift; sourceTree = "<group>"; };
		14D3A0E72BC1E8A30024F389 /* CharacterDetailsController.swift */ = {isa = PBXFileReference; lastKnownFileType = sourcecode.swift; path = CharacterDetailsController.swift; sourceTree = "<group>"; };
		14DA02302BBF2C3A00CEC76C /* Rick-Morty.app */ = {isa = PBXFileReference; explicitFileType = wrapper.application; includeInIndex = 0; path = "Rick-Morty.app"; sourceTree = BUILT_PRODUCTS_DIR; };
		14DA02332BBF2C3A00CEC76C /* AppDelegate.swift */ = {isa = PBXFileReference; lastKnownFileType = sourcecode.swift; path = AppDelegate.swift; sourceTree = "<group>"; };
		14DA02352BBF2C3A00CEC76C /* SceneDelegate.swift */ = {isa = PBXFileReference; lastKnownFileType = sourcecode.swift; path = SceneDelegate.swift; sourceTree = "<group>"; };
		14DA02372BBF2C3A00CEC76C /* ViewController.swift */ = {isa = PBXFileReference; lastKnownFileType = sourcecode.swift; path = ViewController.swift; sourceTree = "<group>"; };
		14DA023C2BBF2C3C00CEC76C /* Assets.xcassets */ = {isa = PBXFileReference; lastKnownFileType = folder.assetcatalog; path = Assets.xcassets; sourceTree = "<group>"; };
		14DA023F2BBF2C3C00CEC76C /* Base */ = {isa = PBXFileReference; lastKnownFileType = file.storyboard; name = Base; path = Base.lproj/LaunchScreen.storyboard; sourceTree = "<group>"; };
		14DA02412BBF2C3C00CEC76C /* Info.plist */ = {isa = PBXFileReference; lastKnownFileType = text.plist.xml; path = Info.plist; sourceTree = "<group>"; };
		14F7313D2BC02F92009E56BF /* Coordinator.swift */ = {isa = PBXFileReference; lastKnownFileType = sourcecode.swift; path = Coordinator.swift; sourceTree = "<group>"; };
/* End PBXFileReference section */

/* Begin PBXFrameworksBuildPhase section */
		14DA022D2BBF2C3A00CEC76C /* Frameworks */ = {
			isa = PBXFrameworksBuildPhase;
			buildActionMask = 2147483647;
			files = (
			);
			runOnlyForDeploymentPostprocessing = 0;
		};
/* End PBXFrameworksBuildPhase section */

/* Begin PBXGroup section */
		1427BFD32BCA911D006E3C14 /* Fonts */ = {
			isa = PBXGroup;
			children = (
				1427BFD62BCA91A9006E3C14 /* Roboto */,
			);
			path = Fonts;
			sourceTree = "<group>";
		};
		1427BFD62BCA91A9006E3C14 /* Roboto */ = {
			isa = PBXGroup;
			children = (
				1427BFD72BCA91A9006E3C14 /* Roboto-Medium.ttf */,
				1427BFD82BCA91A9006E3C14 /* Roboto-Light.ttf */,
				1427BFD92BCA91A9006E3C14 /* Roboto-Regular.ttf */,
				1427BFDA2BCA91A9006E3C14 /* Roboto-MediumItalic.ttf */,
				1427BFDB2BCA91A9006E3C14 /* Roboto-ThinItalic.ttf */,
				1427BFDC2BCA91A9006E3C14 /* Roboto-BoldItalic.ttf */,
				1427BFDD2BCA91A9006E3C14 /* Roboto-LightItalic.ttf */,
				1427BFDE2BCA91A9006E3C14 /* Roboto-Italic.ttf */,
				1427BFDF2BCA91A9006E3C14 /* LICENSE.txt */,
				1427BFE02BCA91A9006E3C14 /* Roboto-BlackItalic.ttf */,
				1427BFE12BCA91A9006E3C14 /* Roboto-Bold.ttf */,
				1427BFE22BCA91A9006E3C14 /* Roboto-Thin.ttf */,
				1427BFE32BCA91A9006E3C14 /* Roboto-Black.ttf */,
			);
			path = Roboto;
			sourceTree = "<group>";
		};
		142B6BE72BC06A65000C8051 /* LaunchScreen */ = {
			isa = PBXGroup;
			children = (
				1491D0142C1F49C80065FE66 /* LaunchAssembly.swift */,
				14AFEF202BBF478900957DBC /* LaunchScreenController.swift */,
			);
			path = LaunchScreen;
			sourceTree = "<group>";
		};
		142D9B3D2BCA9754009CE792 /* Extensions */ = {
			isa = PBXGroup;
			children = (
				142D9B3E2BCA977F009CE792 /* UIFont + Extension.swift */,
				147023442BCA9FF100E88E38 /* UIColor + Extension.swift */,
				1491D01F2C1F552A0065FE66 /* Preview+SwiftIU.swift */,
			);
			path = Extensions;
			sourceTree = "<group>";
		};
		1470C9222BC859200048E8E8 /* SceneFactory */ = {
			isa = PBXGroup;
			children = (
				14CD32EB2BCD5E6A00D74E59 /* SceneFactory.swift */,
			);
			path = SceneFactory;
			sourceTree = "<group>";
		};
		147FF39D2BC8510D0019179C /* Episodes */ = {
			isa = PBXGroup;
			children = (
				1491D01A2C1F4F170065FE66 /* EpisodesAssembly.swift */,
				142B6BEA2BC172B1000C8051 /* EpisodesController.swift */,
				1470C9252BC86F960048E8E8 /* CollectionViewCell.swift */,
			);
			path = Episodes;
			sourceTree = "<group>";
		};
		1491D00C2C1F21B50065FE66 /* Network */ = {
			isa = PBXGroup;
			children = (
				1491D00D2C1F21F60065FE66 /* Network.swift */,
			);
			path = Network;
			sourceTree = "<group>";
		};
		1491D00F2C1F44570065FE66 /* Dependency */ = {
			isa = PBXGroup;
			children = (
				1491D0102C1F44690065FE66 /* Dependencies.swift */,
				1491D0122C1F447A0065FE66 /* ModuleContainer.swift */,
			);
			path = Dependency;
			sourceTree = "<group>";
		};
		1491D01E2C1F50020065FE66 /* TabBar */ = {
			isa = PBXGroup;
			children = (
				1491D0162C1F4A520065FE66 /* TabBarAssembly.swift */,
				1459C7B02BC041B6008D9177 /* TabBarController.swift */,
			);
			path = TabBar;
			sourceTree = "<group>";
		};
		14B4E4722BDAEA4D00F28861 /* Favourites */ = {
			isa = PBXGroup;
			children = (
				1491D0182C1F4A9C0065FE66 /* FavouritesAssembly.swift */,
				142B6BEC2BC17353000C8051 /* FavouritesController.swift */,
			);
			path = Favourites;
			sourceTree = "<group>";
		};
		14B4E4752BDED65D00F28861 /* CharacterDetails */ = {
			isa = PBXGroup;
			children = (
				1491D01C2C1F4FAC0065FE66 /* DetailsAssembly.swift */,
				14D3A0E72BC1E8A30024F389 /* CharacterDetailsController.swift */,
				14B4E4802BDFACF200F28861 /* DetailsTableViewCell.swift */,
			);
			path = CharacterDetails;
			sourceTree = "<group>";
		};
		14B4E47A2BDEDF4B00F28861 /* ViewModel */ = {
			isa = PBXGroup;
			children = (
				14B4E4782BDEDF4400F28861 /* EpisodeViewModel.swift */,
				1491D0252C1F62370065FE66 /* FavouritesViewModel.swift */,
				1491D0232C1F57D50065FE66 /* DetailsViewModel.swift */,
			);
			path = ViewModel;
			sourceTree = "<group>";
		};
		14B4E47B2BDEDF5F00F28861 /* Model */ = {
			isa = PBXGroup;
			children = (
				14B4E47C2BDEDF7D00F28861 /* EpisodeModel.swift */,
			);
			path = Model;
			sourceTree = "<group>";
		};
		14CD32E82BCD5BD100D74E59 /* ServicesLayer */ = {
			isa = PBXGroup;
			children = (
				1491D0212C1F560D0065FE66 /* UserDefaultsRepository.swift */,
				14B4E47E2BDEE1CD00F28861 /* NetworkService.swift */,
			);
			path = ServicesLayer;
			sourceTree = "<group>";
		};
		14DA02272BBF2C3A00CEC76C = {
			isa = PBXGroup;
			children = (
				14DA02322BBF2C3A00CEC76C /* Rick-Morty */,
				14DA02312BBF2C3A00CEC76C /* Products */,
			);
			sourceTree = "<group>";
		};
		14DA02312BBF2C3A00CEC76C /* Products */ = {
			isa = PBXGroup;
			children = (
				14DA02302BBF2C3A00CEC76C /* Rick-Morty.app */,
			);
			name = Products;
			sourceTree = "<group>";
		};
		14DA02322BBF2C3A00CEC76C /* Rick-Morty */ = {
			isa = PBXGroup;
			children = (
				14DA02472BBF2E1C00CEC76C /* Application */,
				1491D00F2C1F44570065FE66 /* Dependency */,
				14F7313C2BC02F57009E56BF /* Coordinators */,
				14CD32E82BCD5BD100D74E59 /* ServicesLayer */,
				14F7313A2BC02F2E009E56BF /* UILayer */,
				14F731392BC02F04009E56BF /* NavigationLayer */,
				14DA02482BBF2E4300CEC76C /* Resourses */,
			);
			path = "Rick-Morty";
			sourceTree = "<group>";
		};
		14DA02472BBF2E1C00CEC76C /* Application */ = {
			isa = PBXGroup;
			children = (
				14DA02332BBF2C3A00CEC76C /* AppDelegate.swift */,
				14DA02352BBF2C3A00CEC76C /* SceneDelegate.swift */,
			);
			path = Application;
			sourceTree = "<group>";
		};
		14DA02482BBF2E4300CEC76C /* Resourses */ = {
			isa = PBXGroup;
			children = (
				142D9B3D2BCA9754009CE792 /* Extensions */,
				1427BFD32BCA911D006E3C14 /* Fonts */,
				14DA023C2BBF2C3C00CEC76C /* Assets.xcassets */,
				14DA02412BBF2C3C00CEC76C /* Info.plist */,
				14DA023E2BBF2C3C00CEC76C /* LaunchScreen.storyboard */,
			);
			path = Resourses;
			sourceTree = "<group>";
		};
		14F731392BC02F04009E56BF /* NavigationLayer */ = {
			isa = PBXGroup;
			children = (
				1491D00C2C1F21B50065FE66 /* Network */,
			);
			path = NavigationLayer;
			sourceTree = "<group>";
		};
		14F7313A2BC02F2E009E56BF /* UILayer */ = {
			isa = PBXGroup;
			children = (
				14B4E47B2BDEDF5F00F28861 /* Model */,
				14B4E47A2BDEDF4B00F28861 /* ViewModel */,
				14F7313B2BC02F46009E56BF /* Controllers */,
			);
			path = UILayer;
			sourceTree = "<group>";
		};
		14F7313B2BC02F46009E56BF /* Controllers */ = {
			isa = PBXGroup;
			children = (
				1470C9222BC859200048E8E8 /* SceneFactory */,
				142B6BE72BC06A65000C8051 /* LaunchScreen */,
				1491D01E2C1F50020065FE66 /* TabBar */,
				147FF39D2BC8510D0019179C /* Episodes */,
				14B4E4722BDAEA4D00F28861 /* Favourites */,
				14B4E4752BDED65D00F28861 /* CharacterDetails */,
				14DA02372BBF2C3A00CEC76C /* ViewController.swift */,
			);
			path = Controllers;
			sourceTree = "<group>";
		};
		14F7313C2BC02F57009E56BF /* Coordinators */ = {
			isa = PBXGroup;
			children = (
				14F7313D2BC02F92009E56BF /* Coordinator.swift */,
				140F74E82BC036A00016712A /* AppCoordinator.swift */,
				140F74EA2BC0385A0016712A /* LaunchScreenCoordinator.swift */,
				1491D0272C1F6D4E0065FE66 /* TabBarCoordinator.swift */,
				1459C7AC2BC040A1008D9177 /* EpisodesCoordinator.swift */,
				1459C7AE2BC04112008D9177 /* FavouritesCoordinator.swift */,
			);
			path = Coordinators;
			sourceTree = "<group>";
		};
/* End PBXGroup section */

/* Begin PBXNativeTarget section */
		14DA022F2BBF2C3A00CEC76C /* Rick-Morty */ = {
			isa = PBXNativeTarget;
			buildConfigurationList = 14DA02442BBF2C3C00CEC76C /* Build configuration list for PBXNativeTarget "Rick-Morty" */;
			buildPhases = (
				14DA022C2BBF2C3A00CEC76C /* Sources */,
				14DA022D2BBF2C3A00CEC76C /* Frameworks */,
				14DA022E2BBF2C3A00CEC76C /* Resources */,
			);
			buildRules = (
			);
			dependencies = (
			);
			name = "Rick-Morty";
			productName = "Rick-Morty";
			productReference = 14DA02302BBF2C3A00CEC76C /* Rick-Morty.app */;
			productType = "com.apple.product-type.application";
		};
/* End PBXNativeTarget section */

/* Begin PBXProject section */
		14DA02282BBF2C3A00CEC76C /* Project object */ = {
			isa = PBXProject;
			attributes = {
				BuildIndependentTargetsInParallel = 1;
				LastSwiftUpdateCheck = 1520;
				LastUpgradeCheck = 1520;
				TargetAttributes = {
					14DA022F2BBF2C3A00CEC76C = {
						CreatedOnToolsVersion = 15.2;
					};
				};
			};
			buildConfigurationList = 14DA022B2BBF2C3A00CEC76C /* Build configuration list for PBXProject "Rick-Morty" */;
			compatibilityVersion = "Xcode 14.0";
			developmentRegion = en;
			hasScannedForEncodings = 0;
			knownRegions = (
				en,
				Base,
			);
			mainGroup = 14DA02272BBF2C3A00CEC76C;
			productRefGroup = 14DA02312BBF2C3A00CEC76C /* Products */;
			projectDirPath = "";
			projectRoot = "";
			targets = (
				14DA022F2BBF2C3A00CEC76C /* Rick-Morty */,
			);
		};
/* End PBXProject section */

/* Begin PBXResourcesBuildPhase section */
		14DA022E2BBF2C3A00CEC76C /* Resources */ = {
			isa = PBXResourcesBuildPhase;
			buildActionMask = 2147483647;
			files = (
				1427BFEF2BCA91A9006E3C14 /* Roboto-Thin.ttf in Resources */,
				1427BFEC2BCA91A9006E3C14 /* LICENSE.txt in Resources */,
				1427BFF02BCA91A9006E3C14 /* Roboto-Black.ttf in Resources */,
				1427BFEE2BCA91A9006E3C14 /* Roboto-Bold.ttf in Resources */,
				14DA02402BBF2C3C00CEC76C /* LaunchScreen.storyboard in Resources */,
				14DA023D2BBF2C3C00CEC76C /* Assets.xcassets in Resources */,
				1427BFE92BCA91A9006E3C14 /* Roboto-BoldItalic.ttf in Resources */,
				1427BFE62BCA91A9006E3C14 /* Roboto-Regular.ttf in Resources */,
				1427BFE82BCA91A9006E3C14 /* Roboto-ThinItalic.ttf in Resources */,
				1427BFEA2BCA91A9006E3C14 /* Roboto-LightItalic.ttf in Resources */,
				1427BFED2BCA91A9006E3C14 /* Roboto-BlackItalic.ttf in Resources */,
				1427BFE52BCA91A9006E3C14 /* Roboto-Light.ttf in Resources */,
				1427BFEB2BCA91A9006E3C14 /* Roboto-Italic.ttf in Resources */,
				1427BFE72BCA91A9006E3C14 /* Roboto-MediumItalic.ttf in Resources */,
				1427BFE42BCA91A9006E3C14 /* Roboto-Medium.ttf in Resources */,
			);
			runOnlyForDeploymentPostprocessing = 0;
		};
/* End PBXResourcesBuildPhase section */

/* Begin PBXSourcesBuildPhase section */
		14DA022C2BBF2C3A00CEC76C /* Sources */ = {
			isa = PBXSourcesBuildPhase;
			buildActionMask = 2147483647;
			files = (
				1491D0192C1F4A9C0065FE66 /* FavouritesAssembly.swift in Sources */,
				1491D01D2C1F4FAC0065FE66 /* DetailsAssembly.swift in Sources */,
				142D9B3F2BCA977F009CE792 /* UIFont + Extension.swift in Sources */,
				1491D0172C1F4A520065FE66 /* TabBarAssembly.swift in Sources */,
				14CD32EC2BCD5E6A00D74E59 /* SceneFactory.swift in Sources */,
				140F74E92BC036A00016712A /* AppCoordinator.swift in Sources */,
				14D3A0E82BC1E8A30024F389 /* CharacterDetailsController.swift in Sources */,
				142B6BED2BC17353000C8051 /* FavouritesController.swift in Sources */,
				1491D00E2C1F21F60065FE66 /* Network.swift in Sources */,
				1491D0282C1F6D4E0065FE66 /* TabBarCoordinator.swift in Sources */,
				1491D0242C1F57D50065FE66 /* DetailsViewModel.swift in Sources */,
				1491D01B2C1F4F170065FE66 /* EpisodesAssembly.swift in Sources */,
				140F74EB2BC0385A0016712A /* LaunchScreenCoordinator.swift in Sources */,
				14AFEF212BBF478900957DBC /* LaunchScreenController.swift in Sources */,
				1459C7B12BC041B6008D9177 /* TabBarController.swift in Sources */,
				14DA02382BBF2C3A00CEC76C /* ViewController.swift in Sources */,
				14F7313E2BC02F92009E56BF /* Coordinator.swift in Sources */,
				147023452BCA9FF100E88E38 /* UIColor + Extension.swift in Sources */,
				1459C7AD2BC040A1008D9177 /* EpisodesCoordinator.swift in Sources */,
				1491D0262C1F62370065FE66 /* FavouritesViewModel.swift in Sources */,
				1470C9262BC86F960048E8E8 /* CollectionViewCell.swift in Sources */,
				1491D0202C1F552A0065FE66 /* Preview+SwiftIU.swift in Sources */,
				14DA02342BBF2C3A00CEC76C /* AppDelegate.swift in Sources */,
				142B6BEB2BC172B1000C8051 /* EpisodesController.swift in Sources */,
				14B4E4812BDFACF200F28861 /* DetailsTableViewCell.swift in Sources */,
				1491D0152C1F49C80065FE66 /* LaunchAssembly.swift in Sources */,
				1491D0132C1F447A0065FE66 /* ModuleContainer.swift in Sources */,
				1491D0112C1F44690065FE66 /* Dependencies.swift in Sources */,
				14DA02362BBF2C3A00CEC76C /* SceneDelegate.swift in Sources */,
				14B4E4792BDEDF4400F28861 /* EpisodeViewModel.swift in Sources */,
				1459C7AF2BC04112008D9177 /* FavouritesCoordinator.swift in Sources */,
				1491D0222C1F560D0065FE66 /* UserDefaultsRepository.swift in Sources */,
				14B4E47F2BDEE1CD00F28861 /* NetworkService.swift in Sources */,
				14B4E47D2BDEDF7D00F28861 /* EpisodeModel.swift in Sources */,
			);
			runOnlyForDeploymentPostprocessing = 0;
		};
/* End PBXSourcesBuildPhase section */

/* Begin PBXVariantGroup section */
		14DA023E2BBF2C3C00CEC76C /* LaunchScreen.storyboard */ = {
			isa = PBXVariantGroup;
			children = (
				14DA023F2BBF2C3C00CEC76C /* Base */,
			);
			name = LaunchScreen.storyboard;
			sourceTree = "<group>";
		};
/* End PBXVariantGroup section */

/* Begin XCBuildConfiguration section */
		14DA02422BBF2C3C00CEC76C /* Debug */ = {
			isa = XCBuildConfiguration;
			buildSettings = {
				ALWAYS_SEARCH_USER_PATHS = NO;
				ASSETCATALOG_COMPILER_GENERATE_SWIFT_ASSET_SYMBOL_EXTENSIONS = YES;
				CLANG_ANALYZER_NONNULL = YES;
				CLANG_ANALYZER_NUMBER_OBJECT_CONVERSION = YES_AGGRESSIVE;
				CLANG_CXX_LANGUAGE_STANDARD = "gnu++20";
				CLANG_ENABLE_MODULES = YES;
				CLANG_ENABLE_OBJC_ARC = YES;
				CLANG_ENABLE_OBJC_WEAK = YES;
				CLANG_WARN_BLOCK_CAPTURE_AUTORELEASING = YES;
				CLANG_WARN_BOOL_CONVERSION = YES;
				CLANG_WARN_COMMA = YES;
				CLANG_WARN_CONSTANT_CONVERSION = YES;
				CLANG_WARN_DEPRECATED_OBJC_IMPLEMENTATIONS = YES;
				CLANG_WARN_DIRECT_OBJC_ISA_USAGE = YES_ERROR;
				CLANG_WARN_DOCUMENTATION_COMMENTS = YES;
				CLANG_WARN_EMPTY_BODY = YES;
				CLANG_WARN_ENUM_CONVERSION = YES;
				CLANG_WARN_INFINITE_RECURSION = YES;
				CLANG_WARN_INT_CONVERSION = YES;
				CLANG_WARN_NON_LITERAL_NULL_CONVERSION = YES;
				CLANG_WARN_OBJC_IMPLICIT_RETAIN_SELF = YES;
				CLANG_WARN_OBJC_LITERAL_CONVERSION = YES;
				CLANG_WARN_OBJC_ROOT_CLASS = YES_ERROR;
				CLANG_WARN_QUOTED_INCLUDE_IN_FRAMEWORK_HEADER = YES;
				CLANG_WARN_RANGE_LOOP_ANALYSIS = YES;
				CLANG_WARN_STRICT_PROTOTYPES = YES;
				CLANG_WARN_SUSPICIOUS_MOVE = YES;
				CLANG_WARN_UNGUARDED_AVAILABILITY = YES_AGGRESSIVE;
				CLANG_WARN_UNREACHABLE_CODE = YES;
				CLANG_WARN__DUPLICATE_METHOD_MATCH = YES;
				COPY_PHASE_STRIP = NO;
				DEBUG_INFORMATION_FORMAT = dwarf;
				ENABLE_STRICT_OBJC_MSGSEND = YES;
				ENABLE_TESTABILITY = YES;
				ENABLE_USER_SCRIPT_SANDBOXING = YES;
				GCC_C_LANGUAGE_STANDARD = gnu17;
				GCC_DYNAMIC_NO_PIC = NO;
				GCC_NO_COMMON_BLOCKS = YES;
				GCC_OPTIMIZATION_LEVEL = 0;
				GCC_PREPROCESSOR_DEFINITIONS = (
					"DEBUG=1",
					"$(inherited)",
				);
				GCC_WARN_64_TO_32_BIT_CONVERSION = YES;
				GCC_WARN_ABOUT_RETURN_TYPE = YES_ERROR;
				GCC_WARN_UNDECLARED_SELECTOR = YES;
				GCC_WARN_UNINITIALIZED_AUTOS = YES_AGGRESSIVE;
				GCC_WARN_UNUSED_FUNCTION = YES;
				GCC_WARN_UNUSED_VARIABLE = YES;
				IPHONEOS_DEPLOYMENT_TARGET = 17.2;
				LOCALIZATION_PREFERS_STRING_CATALOGS = YES;
				MTL_ENABLE_DEBUG_INFO = INCLUDE_SOURCE;
				MTL_FAST_MATH = YES;
				ONLY_ACTIVE_ARCH = YES;
				SDKROOT = iphoneos;
				SWIFT_ACTIVE_COMPILATION_CONDITIONS = "DEBUG $(inherited)";
				SWIFT_OPTIMIZATION_LEVEL = "-Onone";
			};
			name = Debug;
		};
		14DA02432BBF2C3C00CEC76C /* Release */ = {
			isa = XCBuildConfiguration;
			buildSettings = {
				ALWAYS_SEARCH_USER_PATHS = NO;
				ASSETCATALOG_COMPILER_GENERATE_SWIFT_ASSET_SYMBOL_EXTENSIONS = YES;
				CLANG_ANALYZER_NONNULL = YES;
				CLANG_ANALYZER_NUMBER_OBJECT_CONVERSION = YES_AGGRESSIVE;
				CLANG_CXX_LANGUAGE_STANDARD = "gnu++20";
				CLANG_ENABLE_MODULES = YES;
				CLANG_ENABLE_OBJC_ARC = YES;
				CLANG_ENABLE_OBJC_WEAK = YES;
				CLANG_WARN_BLOCK_CAPTURE_AUTORELEASING = YES;
				CLANG_WARN_BOOL_CONVERSION = YES;
				CLANG_WARN_COMMA = YES;
				CLANG_WARN_CONSTANT_CONVERSION = YES;
				CLANG_WARN_DEPRECATED_OBJC_IMPLEMENTATIONS = YES;
				CLANG_WARN_DIRECT_OBJC_ISA_USAGE = YES_ERROR;
				CLANG_WARN_DOCUMENTATION_COMMENTS = YES;
				CLANG_WARN_EMPTY_BODY = YES;
				CLANG_WARN_ENUM_CONVERSION = YES;
				CLANG_WARN_INFINITE_RECURSION = YES;
				CLANG_WARN_INT_CONVERSION = YES;
				CLANG_WARN_NON_LITERAL_NULL_CONVERSION = YES;
				CLANG_WARN_OBJC_IMPLICIT_RETAIN_SELF = YES;
				CLANG_WARN_OBJC_LITERAL_CONVERSION = YES;
				CLANG_WARN_OBJC_ROOT_CLASS = YES_ERROR;
				CLANG_WARN_QUOTED_INCLUDE_IN_FRAMEWORK_HEADER = YES;
				CLANG_WARN_RANGE_LOOP_ANALYSIS = YES;
				CLANG_WARN_STRICT_PROTOTYPES = YES;
				CLANG_WARN_SUSPICIOUS_MOVE = YES;
				CLANG_WARN_UNGUARDED_AVAILABILITY = YES_AGGRESSIVE;
				CLANG_WARN_UNREACHABLE_CODE = YES;
				CLANG_WARN__DUPLICATE_METHOD_MATCH = YES;
				COPY_PHASE_STRIP = NO;
				DEBUG_INFORMATION_FORMAT = "dwarf-with-dsym";
				ENABLE_NS_ASSERTIONS = NO;
				ENABLE_STRICT_OBJC_MSGSEND = YES;
				ENABLE_USER_SCRIPT_SANDBOXING = YES;
				GCC_C_LANGUAGE_STANDARD = gnu17;
				GCC_NO_COMMON_BLOCKS = YES;
				GCC_WARN_64_TO_32_BIT_CONVERSION = YES;
				GCC_WARN_ABOUT_RETURN_TYPE = YES_ERROR;
				GCC_WARN_UNDECLARED_SELECTOR = YES;
				GCC_WARN_UNINITIALIZED_AUTOS = YES_AGGRESSIVE;
				GCC_WARN_UNUSED_FUNCTION = YES;
				GCC_WARN_UNUSED_VARIABLE = YES;
				IPHONEOS_DEPLOYMENT_TARGET = 17.2;
				LOCALIZATION_PREFERS_STRING_CATALOGS = YES;
				MTL_ENABLE_DEBUG_INFO = NO;
				MTL_FAST_MATH = YES;
				SDKROOT = iphoneos;
				SWIFT_COMPILATION_MODE = wholemodule;
				VALIDATE_PRODUCT = YES;
			};
			name = Release;
		};
		14DA02452BBF2C3C00CEC76C /* Debug */ = {
			isa = XCBuildConfiguration;
			buildSettings = {
				ASSETCATALOG_COMPILER_APPICON_NAME = AppIcon;
				ASSETCATALOG_COMPILER_GLOBAL_ACCENT_COLOR_NAME = AccentColor;
				CODE_SIGN_STYLE = Automatic;
				CURRENT_PROJECT_VERSION = 1;
				GENERATE_INFOPLIST_FILE = YES;
				INFOPLIST_FILE = "Rick-Morty/Resourses/Info.plist";
				INFOPLIST_KEY_UIApplicationSupportsIndirectInputEvents = YES;
				INFOPLIST_KEY_UILaunchStoryboardName = LaunchScreen;
				INFOPLIST_KEY_UISupportedInterfaceOrientations = UIInterfaceOrientationPortrait;
				INFOPLIST_KEY_UISupportedInterfaceOrientations_iPad = "UIInterfaceOrientationLandscapeLeft UIInterfaceOrientationLandscapeRight UIInterfaceOrientationPortrait UIInterfaceOrientationPortraitUpsideDown";
				IPHONEOS_DEPLOYMENT_TARGET = 14.0;
				LD_RUNPATH_SEARCH_PATHS = (
					"$(inherited)",
					"@executable_path/Frameworks",
				);
				MARKETING_VERSION = 1.0;
				PRODUCT_BUNDLE_IDENTIFIER = "ip.Rick-Morty";
				PRODUCT_NAME = "$(TARGET_NAME)";
				SUPPORTED_PLATFORMS = "iphoneos iphonesimulator";
				SUPPORTS_MACCATALYST = NO;
				SUPPORTS_MAC_DESIGNED_FOR_IPHONE_IPAD = NO;
				SUPPORTS_XR_DESIGNED_FOR_IPHONE_IPAD = NO;
				SWIFT_EMIT_LOC_STRINGS = YES;
				SWIFT_VERSION = 5.0;
				TARGETED_DEVICE_FAMILY = 1;
			};
			name = Debug;
		};
		14DA02462BBF2C3C00CEC76C /* Release */ = {
			isa = XCBuildConfiguration;
			buildSettings = {
				ASSETCATALOG_COMPILER_APPICON_NAME = AppIcon;
				ASSETCATALOG_COMPILER_GLOBAL_ACCENT_COLOR_NAME = AccentColor;
				CODE_SIGN_STYLE = Automatic;
				CURRENT_PROJECT_VERSION = 1;
				GENERATE_INFOPLIST_FILE = YES;
				INFOPLIST_FILE = "Rick-Morty/Resourses/Info.plist";
				INFOPLIST_KEY_UIApplicationSupportsIndirectInputEvents = YES;
				INFOPLIST_KEY_UILaunchStoryboardName = LaunchScreen;
				INFOPLIST_KEY_UISupportedInterfaceOrientations = UIInterfaceOrientationPortrait;
				INFOPLIST_KEY_UISupportedInterfaceOrientations_iPad = "UIInterfaceOrientationLandscapeLeft UIInterfaceOrientationLandscapeRight UIInterfaceOrientationPortrait UIInterfaceOrientationPortraitUpsideDown";
				IPHONEOS_DEPLOYMENT_TARGET = 14.0;
				LD_RUNPATH_SEARCH_PATHS = (
					"$(inherited)",
					"@executable_path/Frameworks",
				);
				MARKETING_VERSION = 1.0;
				PRODUCT_BUNDLE_IDENTIFIER = "ip.Rick-Morty";
				PRODUCT_NAME = "$(TARGET_NAME)";
				SUPPORTED_PLATFORMS = "iphoneos iphonesimulator";
				SUPPORTS_MACCATALYST = NO;
				SUPPORTS_MAC_DESIGNED_FOR_IPHONE_IPAD = NO;
				SUPPORTS_XR_DESIGNED_FOR_IPHONE_IPAD = NO;
				SWIFT_EMIT_LOC_STRINGS = YES;
				SWIFT_VERSION = 5.0;
				TARGETED_DEVICE_FAMILY = 1;
			};
			name = Release;
		};
/* End XCBuildConfiguration section */

/* Begin XCConfigurationList section */
		14DA022B2BBF2C3A00CEC76C /* Build configuration list for PBXProject "Rick-Morty" */ = {
			isa = XCConfigurationList;
			buildConfigurations = (
				14DA02422BBF2C3C00CEC76C /* Debug */,
				14DA02432BBF2C3C00CEC76C /* Release */,
			);
			defaultConfigurationIsVisible = 0;
			defaultConfigurationName = Release;
		};
		14DA02442BBF2C3C00CEC76C /* Build configuration list for PBXNativeTarget "Rick-Morty" */ = {
			isa = XCConfigurationList;
			buildConfigurations = (
				14DA02452BBF2C3C00CEC76C /* Debug */,
				14DA02462BBF2C3C00CEC76C /* Release */,
			);
			defaultConfigurationIsVisible = 0;
			defaultConfigurationName = Release;
		};
/* End XCConfigurationList section */
	};
	rootObject = 14DA02282BBF2C3A00CEC76C /* Project object */;
}
